// !$*UTF8*$!
{
	archiveVersion = 1;
	classes = {
	};
	objectVersion = 50;
	objects = {

/* Begin PBXBuildFile section */
		127BB724DF77BC31D82F2E88 /* Pods_IASKHideCrash.framework in Frameworks */ = {isa = PBXBuildFile; fileRef = 503CD43E53127E30F6B10E87 /* Pods_IASKHideCrash.framework */; };
		3ABD9CB8219C107400C78AF6 /* AppDelegate.swift in Sources */ = {isa = PBXBuildFile; fileRef = 3ABD9CB7219C107400C78AF6 /* AppDelegate.swift */; };
		3ABD9CBA219C107400C78AF6 /* ViewController.swift in Sources */ = {isa = PBXBuildFile; fileRef = 3ABD9CB9219C107400C78AF6 /* ViewController.swift */; };
		3ABD9CBD219C107400C78AF6 /* Main.storyboard in Resources */ = {isa = PBXBuildFile; fileRef = 3ABD9CBB219C107400C78AF6 /* Main.storyboard */; };
		3ABD9CBF219C107500C78AF6 /* Assets.xcassets in Resources */ = {isa = PBXBuildFile; fileRef = 3ABD9CBE219C107500C78AF6 /* Assets.xcassets */; };
		3ABD9CC2219C107500C78AF6 /* LaunchScreen.storyboard in Resources */ = {isa = PBXBuildFile; fileRef = 3ABD9CC0219C107500C78AF6 /* LaunchScreen.storyboard */; };
		3ABD9CCA219C115D00C78AF6 /* InAppSettings.bundle in Resources */ = {isa = PBXBuildFile; fileRef = 3ABD9CC9219C115C00C78AF6 /* InAppSettings.bundle */; };
/* End PBXBuildFile section */

/* Begin PBXFileReference section */
		3ABD9CB4219C107400C78AF6 /* IASKHideCrash.app */ = {isa = PBXFileReference; explicitFileType = wrapper.application; includeInIndex = 0; path = IASKHideCrash.app; sourceTree = BUILT_PRODUCTS_DIR; };
		3ABD9CB7219C107400C78AF6 /* AppDelegate.swift */ = {isa = PBXFileReference; lastKnownFileType = sourcecode.swift; path = AppDelegate.swift; sourceTree = "<group>"; };
		3ABD9CB9219C107400C78AF6 /* ViewController.swift */ = {isa = PBXFileReference; lastKnownFileType = sourcecode.swift; path = ViewController.swift; sourceTree = "<group>"; };
		3ABD9CBC219C107400C78AF6 /* Base */ = {isa = PBXFileReference; lastKnownFileType = file.storyboard; name = Base; path = Base.lproj/Main.storyboard; sourceTree = "<group>"; };
		3ABD9CBE219C107500C78AF6 /* Assets.xcassets */ = {isa = PBXFileReference; lastKnownFileType = folder.assetcatalog; path = Assets.xcassets; sourceTree = "<group>"; };
		3ABD9CC1219C107500C78AF6 /* Base */ = {isa = PBXFileReference; lastKnownFileType = file.storyboard; name = Base; path = Base.lproj/LaunchScreen.storyboard; sourceTree = "<group>"; };
		3ABD9CC3219C107500C78AF6 /* Info.plist */ = {isa = PBXFileReference; lastKnownFileType = text.plist.xml; path = Info.plist; sourceTree = "<group>"; };
		3ABD9CC9219C115C00C78AF6 /* InAppSettings.bundle */ = {isa = PBXFileReference; lastKnownFileType = "wrapper.plug-in"; path = InAppSettings.bundle; sourceTree = "<group>"; };
		503CD43E53127E30F6B10E87 /* Pods_IASKHideCrash.framework */ = {isa = PBXFileReference; explicitFileType = wrapper.framework; includeInIndex = 0; path = Pods_IASKHideCrash.framework; sourceTree = BUILT_PRODUCTS_DIR; };
		CF0F4CBC89BC3C504BFB14E4 /* Pods-IASKHideCrash.debug.xcconfig */ = {isa = PBXFileReference; includeInIndex = 1; lastKnownFileType = text.xcconfig; name = "Pods-IASKHideCrash.debug.xcconfig"; path = "Pods/Target Support Files/Pods-IASKHideCrash/Pods-IASKHideCrash.debug.xcconfig"; sourceTree = "<group>"; };
		FD4F6C35AA713145F0975081 /* Pods-IASKHideCrash.release.xcconfig */ = {isa = PBXFileReference; includeInIndex = 1; lastKnownFileType = text.xcconfig; name = "Pods-IASKHideCrash.release.xcconfig"; path = "Pods/Target Support Files/Pods-IASKHideCrash/Pods-IASKHideCrash.release.xcconfig"; sourceTree = "<group>"; };
/* End PBXFileReference section */

/* Begin PBXFrameworksBuildPhase section */
		3ABD9CB1219C107400C78AF6 /* Frameworks */ = {
			isa = PBXFrameworksBuildPhase;
			buildActionMask = 2147483647;
			files = (
				127BB724DF77BC31D82F2E88 /* Pods_IASKHideCrash.framework in Frameworks */,
			);
			runOnlyForDeploymentPostprocessing = 0;
		};
/* End PBXFrameworksBuildPhase section */

/* Begin PBXGroup section */
		036539A4EE71F01BA57266A4 /* Frameworks */ = {
			isa = PBXGroup;
			children = (
				503CD43E53127E30F6B10E87 /* Pods_IASKHideCrash.framework */,
			);
			name = Frameworks;
			sourceTree = "<group>";
		};
		3ABD9CAB219C107400C78AF6 = {
			isa = PBXGroup;
			children = (
				3ABD9CB6219C107400C78AF6 /* IASKHideCrash */,
				3ABD9CB5219C107400C78AF6 /* Products */,
				4BCAA28A36CB1D157F29B192 /* Pods */,
				036539A4EE71F01BA57266A4 /* Frameworks */,
			);
			sourceTree = "<group>";
		};
		3ABD9CB5219C107400C78AF6 /* Products */ = {
			isa = PBXGroup;
			children = (
				3ABD9CB4219C107400C78AF6 /* IASKHideCrash.app */,
			);
			name = Products;
			sourceTree = "<group>";
		};
		3ABD9CB6219C107400C78AF6 /* IASKHideCrash */ = {
			isa = PBXGroup;
			children = (
				3ABD9CB7219C107400C78AF6 /* AppDelegate.swift */,
				3ABD9CB9219C107400C78AF6 /* ViewController.swift */,
				3ABD9CBB219C107400C78AF6 /* Main.storyboard */,
				3ABD9CBE219C107500C78AF6 /* Assets.xcassets */,
				3ABD9CC0219C107500C78AF6 /* LaunchScreen.storyboard */,
				3ABD9CC3219C107500C78AF6 /* Info.plist */,
				3ABD9CC9219C115C00C78AF6 /* InAppSettings.bundle */,
			);
			path = IASKHideCrash;
			sourceTree = "<group>";
		};
		4BCAA28A36CB1D157F29B192 /* Pods */ = {
			isa = PBXGroup;
			children = (
				CF0F4CBC89BC3C504BFB14E4 /* Pods-IASKHideCrash.debug.xcconfig */,
				FD4F6C35AA713145F0975081 /* Pods-IASKHideCrash.release.xcconfig */,
			);
			name = Pods;
			sourceTree = "<group>";
		};
/* End PBXGroup section */

/* Begin PBXNativeTarget section */
		3ABD9CB3219C107400C78AF6 /* IASKHideCrash */ = {
			isa = PBXNativeTarget;
			buildConfigurationList = 3ABD9CC6219C107500C78AF6 /* Build configuration list for PBXNativeTarget "IASKHideCrash" */;
			buildPhases = (
				EDDF51744DB2CF8FD207BE01 /* [CP] Check Pods Manifest.lock */,
				3ABD9CB0219C107400C78AF6 /* Sources */,
				3ABD9CB1219C107400C78AF6 /* Frameworks */,
				3ABD9CB2219C107400C78AF6 /* Resources */,
				482BA4CC15660F9D27AC7353 /* [CP] Embed Pods Frameworks */,
			);
			buildRules = (
			);
			dependencies = (
			);
			name = IASKHideCrash;
			productName = IASKHideCrash;
			productReference = 3ABD9CB4219C107400C78AF6 /* IASKHideCrash.app */;
			productType = "com.apple.product-type.application";
		};
/* End PBXNativeTarget section */

/* Begin PBXProject section */
		3ABD9CAC219C107400C78AF6 /* Project object */ = {
			isa = PBXProject;
			attributes = {
				LastSwiftUpdateCheck = 1010;
				LastUpgradeCheck = 1010;
				ORGANIZATIONNAME = snabble;
				TargetAttributes = {
					3ABD9CB3219C107400C78AF6 = {
						CreatedOnToolsVersion = 10.1;
					};
				};
			};
			buildConfigurationList = 3ABD9CAF219C107400C78AF6 /* Build configuration list for PBXProject "IASKHideCrash" */;
			compatibilityVersion = "Xcode 9.3";
			developmentRegion = en;
			hasScannedForEncodings = 0;
			knownRegions = (
				en,
				Base,
			);
			mainGroup = 3ABD9CAB219C107400C78AF6;
			productRefGroup = 3ABD9CB5219C107400C78AF6 /* Products */;
			projectDirPath = "";
			projectRoot = "";
			targets = (
				3ABD9CB3219C107400C78AF6 /* IASKHideCrash */,
			);
		};
/* End PBXProject section */

/* Begin PBXResourcesBuildPhase section */
		3ABD9CB2219C107400C78AF6 /* Resources */ = {
			isa = PBXResourcesBuildPhase;
			buildActionMask = 2147483647;
			files = (
				3ABD9CC2219C107500C78AF6 /* LaunchScreen.storyboard in Resources */,
				3ABD9CCA219C115D00C78AF6 /* InAppSettings.bundle in Resources */,
				3ABD9CBF219C107500C78AF6 /* Assets.xcassets in Resources */,
				3ABD9CBD219C107400C78AF6 /* Main.storyboard in Resources */,
			);
			runOnlyForDeploymentPostprocessing = 0;
		};
/* End PBXResourcesBuildPhase section */

/* Begin PBXShellScriptBuildPhase section */
		482BA4CC15660F9D27AC7353 /* [CP] Embed Pods Frameworks */ = {
			isa = PBXShellScriptBuildPhase;
			buildActionMask = 2147483647;
			files = (
			);
			inputPaths = (
				"${SRCROOT}/Pods/Target Support Files/Pods-IASKHideCrash/Pods-IASKHideCrash-frameworks.sh",
				"${BUILT_PRODUCTS_DIR}/InAppSettingsKit/InAppSettingsKit.framework",
			);
			name = "[CP] Embed Pods Frameworks";
			outputPaths = (
				"${TARGET_BUILD_DIR}/${FRAMEWORKS_FOLDER_PATH}/InAppSettingsKit.framework",
			);
			runOnlyForDeploymentPostprocessing = 0;
			shellPath = /bin/sh;
			shellScript = "\"${SRCROOT}/Pods/Target Support Files/Pods-IASKHideCrash/Pods-IASKHideCrash-frameworks.sh\"\n";
			showEnvVarsInLog = 0;
		};
		EDDF51744DB2CF8FD207BE01 /* [CP] Check Pods Manifest.lock */ = {
			isa = PBXShellScriptBuildPhase;
			buildActionMask = 2147483647;
			files = (
			);
			inputPaths = (
				"${PODS_PODFILE_DIR_PATH}/Podfile.lock",
				"${PODS_ROOT}/Manifest.lock",
			);
			name = "[CP] Check Pods Manifest.lock";
			outputPaths = (
				"$(DERIVED_FILE_DIR)/Pods-IASKHideCrash-checkManifestLockResult.txt",
			);
			runOnlyForDeploymentPostprocessing = 0;
			shellPath = /bin/sh;
			shellScript = "diff \"${PODS_PODFILE_DIR_PATH}/Podfile.lock\" \"${PODS_ROOT}/Manifest.lock\" > /dev/null\nif [ $? != 0 ] ; then\n    # print error to STDERR\n    echo \"error: The sandbox is not in sync with the Podfile.lock. Run 'pod install' or update your CocoaPods installation.\" >&2\n    exit 1\nfi\n# This output is used by Xcode 'outputs' to avoid re-running this script phase.\necho \"SUCCESS\" > \"${SCRIPT_OUTPUT_FILE_0}\"\n";
			showEnvVarsInLog = 0;
		};
/* End PBXShellScriptBuildPhase section */

/* Begin PBXSourcesBuildPhase section */
		3ABD9CB0219C107400C78AF6 /* Sources */ = {
			isa = PBXSourcesBuildPhase;
			buildActionMask = 2147483647;
			files = (
				3ABD9CBA219C107400C78AF6 /* ViewController.swift in Sources */,
				3ABD9CB8219C107400C78AF6 /* AppDelegate.swift in Sources */,
			);
			runOnlyForDeploymentPostprocessing = 0;
		};
/* End PBXSourcesBuildPhase section */

/* Begin PBXVariantGroup section */
		3ABD9CBB219C107400C78AF6 /* Main.storyboard */ = {
			isa = PBXVariantGroup;
			children = (
				3ABD9CBC219C107400C78AF6 /* Base */,
			);
			name = Main.storyboard;
			sourceTree = "<group>";
		};
		3ABD9CC0219C107500C78AF6 /* LaunchScreen.storyboard */ = {
			isa = PBXVariantGroup;
			children = (
				3ABD9CC1219C107500C78AF6 /* Base */,
			);
			name = LaunchScreen.storyboard;
			sourceTree = "<group>";
		};
/* End PBXVariantGroup section */

/* Begin XCBuildConfiguration section */
		3ABD9CC4219C107500C78AF6 /* Debug */ = {
			isa = XCBuildConfiguration;
			buildSettings = {
				ALWAYS_SEARCH_USER_PATHS = NO;
				CLANG_ANALYZER_NONNULL = YES;
				CLANG_ANALYZER_NUMBER_OBJECT_CONVERSION = YES_AGGRESSIVE;
				CLANG_CXX_LANGUAGE_STANDARD = "gnu++14";
				CLANG_CXX_LIBRARY = "libc++";
				CLANG_ENABLE_MODULES = YES;
				CLANG_ENABLE_OBJC_ARC = YES;
				CLANG_ENABLE_OBJC_WEAK = YES;
				CLANG_WARN_BLOCK_CAPTURE_AUTORELEASING = YES;
				CLANG_WARN_BOOL_CONVERSION = YES;
				CLANG_WARN_COMMA = YES;
				CLANG_WARN_CONSTANT_CONVERSION = YES;
				CLANG_WARN_DEPRECATED_OBJC_IMPLEMENTATIONS = YES;
				CLANG_WARN_DIRECT_OBJC_ISA_USAGE = YES_ERROR;
				CLANG_WARN_DOCUMENTATION_COMMENTS = YES;
				CLANG_WARN_EMPTY_BODY = YES;
				CLANG_WARN_ENUM_CONVERSION = YES;
				CLANG_WARN_INFINITE_RECURSION = YES;
				CLANG_WARN_INT_CONVERSION = YES;
				CLANG_WARN_NON_LITERAL_NULL_CONVERSION = YES;
				CLANG_WARN_OBJC_IMPLICIT_RETAIN_SELF = YES;
				CLANG_WARN_OBJC_LITERAL_CONVERSION = YES;
				CLANG_WARN_OBJC_ROOT_CLASS = YES_ERROR;
				CLANG_WARN_RANGE_LOOP_ANALYSIS = YES;
				CLANG_WARN_STRICT_PROTOTYPES = YES;
				CLANG_WARN_SUSPICIOUS_MOVE = YES;
				CLANG_WARN_UNGUARDED_AVAILABILITY = YES_AGGRESSIVE;
				CLANG_WARN_UNREACHABLE_CODE = YES;
				CLANG_WARN__DUPLICATE_METHOD_MATCH = YES;
				CODE_SIGN_IDENTITY = "iPhone Developer";
				COPY_PHASE_STRIP = NO;
				DEBUG_INFORMATION_FORMAT = dwarf;
				ENABLE_STRICT_OBJC_MSGSEND = YES;
				ENABLE_TESTABILITY = YES;
				GCC_C_LANGUAGE_STANDARD = gnu11;
				GCC_DYNAMIC_NO_PIC = NO;
				GCC_NO_COMMON_BLOCKS = YES;
				GCC_OPTIMIZATION_LEVEL = 0;
				GCC_PREPROCESSOR_DEFINITIONS = (
					"DEBUG=1",
					"$(inherited)",
				);
				GCC_WARN_64_TO_32_BIT_CONVERSION = YES;
				GCC_WARN_ABOUT_RETURN_TYPE = YES_ERROR;
				GCC_WARN_UNDECLARED_SELECTOR = YES;
				GCC_WARN_UNINITIALIZED_AUTOS = YES_AGGRESSIVE;
				GCC_WARN_UNUSED_FUNCTION = YES;
				GCC_WARN_UNUSED_VARIABLE = YES;
				IPHONEOS_DEPLOYMENT_TARGET = 12.1;
				MTL_ENABLE_DEBUG_INFO = INCLUDE_SOURCE;
				MTL_FAST_MATH = YES;
				ONLY_ACTIVE_ARCH = YES;
				SDKROOT = iphoneos;
				SWIFT_ACTIVE_COMPILATION_CONDITIONS = DEBUG;
				SWIFT_OPTIMIZATION_LEVEL = "-Onone";
			};
			name = Debug;
		};
		3ABD9CC5219C107500C78AF6 /* Release */ = {
			isa = XCBuildConfiguration;
			buildSettings = {
				ALWAYS_SEARCH_USER_PATHS = NO;
				CLANG_ANALYZER_NONNULL = YES;
				CLANG_ANALYZER_NUMBER_OBJECT_CONVERSION = YES_AGGRESSIVE;
				CLANG_CXX_LANGUAGE_STANDARD = "gnu++14";
				CLANG_CXX_LIBRARY = "libc++";
				CLANG_ENABLE_MODULES = YES;
				CLANG_ENABLE_OBJC_ARC = YES;
				CLANG_ENABLE_OBJC_WEAK = YES;
				CLANG_WARN_BLOCK_CAPTURE_AUTORELEASING = YES;
				CLANG_WARN_BOOL_CONVERSION = YES;
				CLANG_WARN_COMMA = YES;
				CLANG_WARN_CONSTANT_CONVERSION = YES;
				CLANG_WARN_DEPRECATED_OBJC_IMPLEMENTATIONS = YES;
				CLANG_WARN_DIRECT_OBJC_ISA_USAGE = YES_ERROR;
				CLANG_WARN_DOCUMENTATION_COMMENTS = YES;
				CLANG_WARN_EMPTY_BODY = YES;
				CLANG_WARN_ENUM_CONVERSION = YES;
				CLANG_WARN_INFINITE_RECURSION = YES;
				CLANG_WARN_INT_CONVERSION = YES;
				CLANG_WARN_NON_LITERAL_NULL_CONVERSION = YES;
				CLANG_WARN_OBJC_IMPLICIT_RETAIN_SELF = YES;
				CLANG_WARN_OBJC_LITERAL_CONVERSION = YES;
				CLANG_WARN_OBJC_ROOT_CLASS = YES_ERROR;
				CLANG_WARN_RANGE_LOOP_ANALYSIS = YES;
				CLANG_WARN_STRICT_PROTOTYPES = YES;
				CLANG_WARN_SUSPICIOUS_MOVE = YES;
				CLANG_WARN_UNGUARDED_AVAILABILITY = YES_AGGRESSIVE;
				CLANG_WARN_UNREACHABLE_CODE = YES;
				CLANG_WARN__DUPLICATE_METHOD_MATCH = YES;
				CODE_SIGN_IDENTITY = "iPhone Developer";
				COPY_PHASE_STRIP = NO;
				DEBUG_INFORMATION_FORMAT = "dwarf-with-dsym";
				ENABLE_NS_ASSERTIONS = NO;
				ENABLE_STRICT_OBJC_MSGSEND = YES;
				GCC_C_LANGUAGE_STANDARD = gnu11;
				GCC_NO_COMMON_BLOCKS = YES;
				GCC_WARN_64_TO_32_BIT_CONVERSION = YES;
				GCC_WARN_ABOUT_RETURN_TYPE = YES_ERROR;
				GCC_WARN_UNDECLARED_SELECTOR = YES;
				GCC_WARN_UNINITIALIZED_AUTOS = YES_AGGRESSIVE;
				GCC_WARN_UNUSED_FUNCTION = YES;
				GCC_WARN_UNUSED_VARIABLE = YES;
				IPHONEOS_DEPLOYMENT_TARGET = 12.1;
				MTL_ENABLE_DEBUG_INFO = NO;
				MTL_FAST_MATH = YES;
				SDKROOT = iphoneos;
				SWIFT_COMPILATION_MODE = wholemodule;
				SWIFT_OPTIMIZATION_LEVEL = "-O";
				VALIDATE_PRODUCT = YES;
			};
			name = Release;
		};
		3ABD9CC7219C107500C78AF6 /* Debug */ = {
			isa = XCBuildConfiguration;
			baseConfigurationReference = CF0F4CBC89BC3C504BFB14E4 /* Pods-IASKHideCrash.debug.xcconfig */;
			buildSettings = {
				ASSETCATALOG_COMPILER_APPICON_NAME = AppIcon;
				CODE_SIGN_STYLE = Automatic;
				DEVELOPMENT_TEAM = 53K7JS449L;
				INFOPLIST_FILE = IASKHideCrash/Info.plist;
				LD_RUNPATH_SEARCH_PATHS = (
					"$(inherited)",
					"@executable_path/Frameworks",
				);
				PRODUCT_BUNDLE_IDENTIFIER = io.snabble.IASKHideCrash;
				PRODUCT_NAME = "$(TARGET_NAME)";
				SWIFT_VERSION = 4.2;
				TARGETED_DEVICE_FAMILY = "1,2";
			};
			name = Debug;
		};
		3ABD9CC8219C107500C78AF6 /* Release */ = {
			isa = XCBuildConfiguration;
			baseConfigurationReference = FD4F6C35AA713145F0975081 /* Pods-IASKHideCrash.release.xcconfig */;
			buildSettings = {
				ASSETCATALOG_COMPILER_APPICON_NAME = AppIcon;
				CODE_SIGN_STYLE = Automatic;
				DEVELOPMENT_TEAM = 53K7JS449L;
				INFOPLIST_FILE = IASKHideCrash/Info.plist;
				LD_RUNPATH_SEARCH_PATHS = (
					"$(inherited)",
					"@executable_path/Frameworks",
				);
				PRODUCT_BUNDLE_IDENTIFIER = io.snabble.IASKHideCrash;
				PRODUCT_NAME = "$(TARGET_NAME)";
				SWIFT_VERSION = 4.2;
				TARGETED_DEVICE_FAMILY = "1,2";
			};
			name = Release;
		};
/* End XCBuildConfiguration section */

/* Begin XCConfigurationList section */
		3ABD9CAF219C107400C78AF6 /* Build configuration list for PBXProject "IASKHideCrash" */ = {
			isa = XCConfigurationList;
			buildConfigurations = (
				3ABD9CC4219C107500C78AF6 /* Debug */,
				3ABD9CC5219C107500C78AF6 /* Release */,
			);
			defaultConfigurationIsVisible = 0;
			defaultConfigurationName = Release;
		};
		3ABD9CC6219C107500C78AF6 /* Build configuration list for PBXNativeTarget "IASKHideCrash" */ = {
			isa = XCConfigurationList;
			buildConfigurations = (
				3ABD9CC7219C107500C78AF6 /* Debug */,
				3ABD9CC8219C107500C78AF6 /* Release */,
			);
			defaultConfigurationIsVisible = 0;
			defaultConfigurationName = Release;
		};
/* End XCConfigurationList section */
	};
	rootObject = 3ABD9CAC219C107400C78AF6 /* Project object */;
}
